
Microsoft Visual Studio Solution File, Format Version 12.00
# Visual Studio 15
VisualStudioVersion = 15.0.26124.0
MinimumVisualStudioVersion = 15.0.26124.0
Project("{2150E333-8FDC-42A3-9474-1A3956D46DE8}") = "src", "src", "{F27E458C-807C-404B-AC59-327369CC6210}"
EndProject
Project("{2150E333-8FDC-42A3-9474-1A3956D46DE8}") = "Services", "Services", "{B3B08C80-C009-4CC0-952D-6E3AB0DF650C}"
EndProject
Project("{2150E333-8FDC-42A3-9474-1A3956D46DE8}") = "Enrolling", "Enrolling", "{ADD94153-94C5-4CFE-B4C1-600BFFE43146}"
EndProject
Project("{FAE04EC0-301F-11D3-BF4B-00C04F79EFBC}") = "Enrolling.API", "src\Services\Enrolling\Enrolling.API\Enrolling.API.csproj", "{640FF618-4C5F-4875-B4B9-BE4888B107BC}"
EndProject
Project("{FAE04EC0-301F-11D3-BF4B-00C04F79EFBC}") = "Enrolling.Infrastructure", "src\Services\Enrolling\Enrolling.Infrastructure\Enrolling.Infrastructure.csproj", "{DC8D5AF2-1E52-4956-AB64-632B50B156E9}"
EndProject
Project("{FAE04EC0-301F-11D3-BF4B-00C04F79EFBC}") = "Enrolling.Domain", "src\Services\Enrolling\Enrolling.Domain\Enrolling.Domain.csproj", "{FFF0DF01-3D9A-4478-B251-5962A1FDD441}"
EndProject
Project("{FAE04EC0-301F-11D3-BF4B-00C04F79EFBC}") = "Enrolling.UnitTests", "src\Services\Enrolling\Enrolling.UnitTests\Enrolling.UnitTests.csproj", "{5C31ED22-1574-4C7D-A41A-86B6C1B27593}"
EndProject
Project("{FAE04EC0-301F-11D3-BF4B-00C04F79EFBC}") = "Enrolling.FunctionalTests", "src\Services\Enrolling\Enrolling.FunctionalTests\Enrolling.FunctionalTests.csproj", "{5D3785F8-971B-416B-A0C0-7246AFD8A7BC}"
EndProject
Project("{2150E333-8FDC-42A3-9474-1A3956D46DE8}") = "Identity", "Identity", "{37CE44DC-4307-4827-89BE-10E673A695D1}"
EndProject
Project("{FAE04EC0-301F-11D3-BF4B-00C04F79EFBC}") = "Identity.API", "src\Services\Identity\Identity.API\Identity.API.csproj", "{E26EDBFD-CE5C-4A9B-8971-CA0F10C34E0E}"
EndProject
Global
	GlobalSection(SolutionConfigurationPlatforms) = preSolution
		Debug|Any CPU = Debug|Any CPU
		Debug|x64 = Debug|x64
		Debug|x86 = Debug|x86
		Release|Any CPU = Release|Any CPU
		Release|x64 = Release|x64
		Release|x86 = Release|x86
	EndGlobalSection
	GlobalSection(SolutionProperties) = preSolution
		HideSolutionNode = FALSE
	EndGlobalSection
	GlobalSection(ProjectConfigurationPlatforms) = postSolution
		{640FF618-4C5F-4875-B4B9-BE4888B107BC}.Debug|Any CPU.ActiveCfg = Debug|Any CPU
		{640FF618-4C5F-4875-B4B9-BE4888B107BC}.Debug|Any CPU.Build.0 = Debug|Any CPU
		{640FF618-4C5F-4875-B4B9-BE4888B107BC}.Debug|x64.ActiveCfg = Debug|Any CPU
		{640FF618-4C5F-4875-B4B9-BE4888B107BC}.Debug|x64.Build.0 = Debug|Any CPU
		{640FF618-4C5F-4875-B4B9-BE4888B107BC}.Debug|x86.ActiveCfg = Debug|Any CPU
		{640FF618-4C5F-4875-B4B9-BE4888B107BC}.Debug|x86.Build.0 = Debug|Any CPU
		{640FF618-4C5F-4875-B4B9-BE4888B107BC}.Release|Any CPU.ActiveCfg = Release|Any CPU
		{640FF618-4C5F-4875-B4B9-BE4888B107BC}.Release|Any CPU.Build.0 = Release|Any CPU
		{640FF618-4C5F-4875-B4B9-BE4888B107BC}.Release|x64.ActiveCfg = Release|Any CPU
		{640FF618-4C5F-4875-B4B9-BE4888B107BC}.Release|x64.Build.0 = Release|Any CPU
		{640FF618-4C5F-4875-B4B9-BE4888B107BC}.Release|x86.ActiveCfg = Release|Any CPU
		{640FF618-4C5F-4875-B4B9-BE4888B107BC}.Release|x86.Build.0 = Release|Any CPU
		{DC8D5AF2-1E52-4956-AB64-632B50B156E9}.Debug|Any CPU.ActiveCfg = Debug|Any CPU
		{DC8D5AF2-1E52-4956-AB64-632B50B156E9}.Debug|Any CPU.Build.0 = Debug|Any CPU
		{DC8D5AF2-1E52-4956-AB64-632B50B156E9}.Debug|x64.ActiveCfg = Debug|Any CPU
		{DC8D5AF2-1E52-4956-AB64-632B50B156E9}.Debug|x64.Build.0 = Debug|Any CPU
		{DC8D5AF2-1E52-4956-AB64-632B50B156E9}.Debug|x86.ActiveCfg = Debug|Any CPU
		{DC8D5AF2-1E52-4956-AB64-632B50B156E9}.Debug|x86.Build.0 = Debug|Any CPU
		{DC8D5AF2-1E52-4956-AB64-632B50B156E9}.Release|Any CPU.ActiveCfg = Release|Any CPU
		{DC8D5AF2-1E52-4956-AB64-632B50B156E9}.Release|Any CPU.Build.0 = Release|Any CPU
		{DC8D5AF2-1E52-4956-AB64-632B50B156E9}.Release|x64.ActiveCfg = Release|Any CPU
		{DC8D5AF2-1E52-4956-AB64-632B50B156E9}.Release|x64.Build.0 = Release|Any CPU
		{DC8D5AF2-1E52-4956-AB64-632B50B156E9}.Release|x86.ActiveCfg = Release|Any CPU
		{DC8D5AF2-1E52-4956-AB64-632B50B156E9}.Release|x86.Build.0 = Release|Any CPU
		{FFF0DF01-3D9A-4478-B251-5962A1FDD441}.Debug|Any CPU.ActiveCfg = Debug|Any CPU
		{FFF0DF01-3D9A-4478-B251-5962A1FDD441}.Debug|Any CPU.Build.0 = Debug|Any CPU
		{FFF0DF01-3D9A-4478-B251-5962A1FDD441}.Debug|x64.ActiveCfg = Debug|Any CPU
		{FFF0DF01-3D9A-4478-B251-5962A1FDD441}.Debug|x64.Build.0 = Debug|Any CPU
		{FFF0DF01-3D9A-4478-B251-5962A1FDD441}.Debug|x86.ActiveCfg = Debug|Any CPU
		{FFF0DF01-3D9A-4478-B251-5962A1FDD441}.Debug|x86.Build.0 = Debug|Any CPU
		{FFF0DF01-3D9A-4478-B251-5962A1FDD441}.Release|Any CPU.ActiveCfg = Release|Any CPU
		{FFF0DF01-3D9A-4478-B251-5962A1FDD441}.Release|Any CPU.Build.0 = Release|Any CPU
		{FFF0DF01-3D9A-4478-B251-5962A1FDD441}.Release|x64.ActiveCfg = Release|Any CPU
		{FFF0DF01-3D9A-4478-B251-5962A1FDD441}.Release|x64.Build.0 = Release|Any CPU
		{FFF0DF01-3D9A-4478-B251-5962A1FDD441}.Release|x86.ActiveCfg = Release|Any CPU
		{FFF0DF01-3D9A-4478-B251-5962A1FDD441}.Release|x86.Build.0 = Release|Any CPU
		{5C31ED22-1574-4C7D-A41A-86B6C1B27593}.Debug|Any CPU.ActiveCfg = Debug|Any CPU
		{5C31ED22-1574-4C7D-A41A-86B6C1B27593}.Debug|Any CPU.Build.0 = Debug|Any CPU
		{5C31ED22-1574-4C7D-A41A-86B6C1B27593}.Debug|x64.ActiveCfg = Debug|Any CPU
		{5C31ED22-1574-4C7D-A41A-86B6C1B27593}.Debug|x64.Build.0 = Debug|Any CPU
		{5C31ED22-1574-4C7D-A41A-86B6C1B27593}.Debug|x86.ActiveCfg = Debug|Any CPU
		{5C31ED22-1574-4C7D-A41A-86B6C1B27593}.Debug|x86.Build.0 = Debug|Any CPU
		{5C31ED22-1574-4C7D-A41A-86B6C1B27593}.Release|Any CPU.ActiveCfg = Release|Any CPU
		{5C31ED22-1574-4C7D-A41A-86B6C1B27593}.Release|Any CPU.Build.0 = Release|Any CPU
		{5C31ED22-1574-4C7D-A41A-86B6C1B27593}.Release|x64.ActiveCfg = Release|Any CPU
		{5C31ED22-1574-4C7D-A41A-86B6C1B27593}.Release|x64.Build.0 = Release|Any CPU
		{5C31ED22-1574-4C7D-A41A-86B6C1B27593}.Release|x86.ActiveCfg = Release|Any CPU
		{5C31ED22-1574-4C7D-A41A-86B6C1B27593}.Release|x86.Build.0 = Release|Any CPU
		{5D3785F8-971B-416B-A0C0-7246AFD8A7BC}.Debug|Any CPU.ActiveCfg = Debug|Any CPU
		{5D3785F8-971B-416B-A0C0-7246AFD8A7BC}.Debug|Any CPU.Build.0 = Debug|Any CPU
		{5D3785F8-971B-416B-A0C0-7246AFD8A7BC}.Debug|x64.ActiveCfg = Debug|Any CPU
		{5D3785F8-971B-416B-A0C0-7246AFD8A7BC}.Debug|x64.Build.0 = Debug|Any CPU
		{5D3785F8-971B-416B-A0C0-7246AFD8A7BC}.Debug|x86.ActiveCfg = Debug|Any CPU
		{5D3785F8-971B-416B-A0C0-7246AFD8A7BC}.Debug|x86.Build.0 = Debug|Any CPU
		{5D3785F8-971B-416B-A0C0-7246AFD8A7BC}.Release|Any CPU.ActiveCfg = Release|Any CPU
		{5D3785F8-971B-416B-A0C0-7246AFD8A7BC}.Release|Any CPU.Build.0 = Release|Any CPU
		{5D3785F8-971B-416B-A0C0-7246AFD8A7BC}.Release|x64.ActiveCfg = Release|Any CPU
		{5D3785F8-971B-416B-A0C0-7246AFD8A7BC}.Release|x64.Build.0 = Release|Any CPU
		{5D3785F8-971B-416B-A0C0-7246AFD8A7BC}.Release|x86.ActiveCfg = Release|Any CPU
		{5D3785F8-971B-416B-A0C0-7246AFD8A7BC}.Release|x86.Build.0 = Release|Any CPU
		{E26EDBFD-CE5C-4A9B-8971-CA0F10C34E0E}.Debug|Any CPU.ActiveCfg = Debug|Any CPU
		{E26EDBFD-CE5C-4A9B-8971-CA0F10C34E0E}.Debug|Any CPU.Build.0 = Debug|Any CPU
		{E26EDBFD-CE5C-4A9B-8971-CA0F10C34E0E}.Debug|x64.ActiveCfg = Debug|Any CPU
		{E26EDBFD-CE5C-4A9B-8971-CA0F10C34E0E}.Debug|x64.Build.0 = Debug|Any CPU
		{E26EDBFD-CE5C-4A9B-8971-CA0F10C34E0E}.Debug|x86.ActiveCfg = Debug|Any CPU
		{E26EDBFD-CE5C-4A9B-8971-CA0F10C34E0E}.Debug|x86.Build.0 = Debug|Any CPU
		{E26EDBFD-CE5C-4A9B-8971-CA0F10C34E0E}.Release|Any CPU.ActiveCfg = Release|Any CPU
		{E26EDBFD-CE5C-4A9B-8971-CA0F10C34E0E}.Release|Any CPU.Build.0 = Release|Any CPU
		{E26EDBFD-CE5C-4A9B-8971-CA0F10C34E0E}.Release|x64.ActiveCfg = Release|Any CPU
		{E26EDBFD-CE5C-4A9B-8971-CA0F10C34E0E}.Release|x64.Build.0 = Release|Any CPU
		{E26EDBFD-CE5C-4A9B-8971-CA0F10C34E0E}.Release|x86.ActiveCfg = Release|Any CPU
		{E26EDBFD-CE5C-4A9B-8971-CA0F10C34E0E}.Release|x86.Build.0 = Release|Any CPU
	EndGlobalSection
	GlobalSection(NestedProjects) = preSolution
		{B3B08C80-C009-4CC0-952D-6E3AB0DF650C} = {F27E458C-807C-404B-AC59-327369CC6210}
		{ADD94153-94C5-4CFE-B4C1-600BFFE43146} = {B3B08C80-C009-4CC0-952D-6E3AB0DF650C}
		{640FF618-4C5F-4875-B4B9-BE4888B107BC} = {ADD94153-94C5-4CFE-B4C1-600BFFE43146}
		{DC8D5AF2-1E52-4956-AB64-632B50B156E9} = {ADD94153-94C5-4CFE-B4C1-600BFFE43146}
		{FFF0DF01-3D9A-4478-B251-5962A1FDD441} = {ADD94153-94C5-4CFE-B4C1-600BFFE43146}
		{5C31ED22-1574-4C7D-A41A-86B6C1B27593} = {ADD94153-94C5-4CFE-B4C1-600BFFE43146}
		{5D3785F8-971B-416B-A0C0-7246AFD8A7BC} = {ADD94153-94C5-4CFE-B4C1-600BFFE43146}
		{37CE44DC-4307-4827-89BE-10E673A695D1} = {B3B08C80-C009-4CC0-952D-6E3AB0DF650C}
		{E26EDBFD-CE5C-4A9B-8971-CA0F10C34E0E} = {37CE44DC-4307-4827-89BE-10E673A695D1}
	EndGlobalSection
EndGlobal
