
Microsoft Visual Studio Solution File, Format Version 12.00
# Visual Studio Version 16
VisualStudioVersion = 16.0.29418.71
MinimumVisualStudioVersion = 10.0.40219.1
Project("{2150E333-8FDC-42A3-9474-1A3956D46DE8}") = "src", "src", "{6BFF1AB8-C900-43E5-988F-E07C085BD64A}"
EndProject
Project("{2150E333-8FDC-42A3-9474-1A3956D46DE8}") = "Services", "Services", "{1C120673-72F4-4679-AC4C-68286E9091A5}"
EndProject
Project("{2150E333-8FDC-42A3-9474-1A3956D46DE8}") = "Enrolling", "Enrolling", "{5193B8A7-4464-482A-872C-C59BB56C88ED}"
EndProject
Project("{9A19103F-16F7-4668-BE54-9A1E7A4F7556}") = "Enrolling.FunctionalTests", "src\Services\Enrolling\Enrolling.FunctionalTests\Enrolling.FunctionalTests.csproj", "{A5EAFFBC-100F-4B84-AEC8-64048DB95905}"
EndProject
Project("{9A19103F-16F7-4668-BE54-9A1E7A4F7556}") = "Enrolling.UnitTests", "src\Services\Enrolling\Enrolling.UnitTests\Enrolling.UnitTests.csproj", "{ACAFCC74-35F3-44DB-B241-6E9A3CD928A5}"
EndProject
Project("{9A19103F-16F7-4668-BE54-9A1E7A4F7556}") = "Enrolling.Domain", "src\Services\Enrolling\Enrolling.Domain\Enrolling.Domain.csproj", "{EB122056-6372-4D14-B2DB-44658E76D865}"
EndProject
Project("{9A19103F-16F7-4668-BE54-9A1E7A4F7556}") = "Enrolling.Infrastructure", "src\Services\Enrolling\Enrolling.Infrastructure\Enrolling.Infrastructure.csproj", "{6E09909F-02B9-4BCF-8EC4-5E00A5185A86}"
EndProject
Project("{9A19103F-16F7-4668-BE54-9A1E7A4F7556}") = "Enrolling.API", "src\Services\Enrolling\Enrolling.API\Enrolling.API.csproj", "{057CF093-72A7-47CC-BCB8-296C2B569905}"
EndProject
Project("{E53339B2-1760-4266-BCC7-CA923CBCF16C}") = "docker-compose", "docker-compose.dcproj", "{9CC3C97F-A73C-4ECB-B920-626035DA3013}"
EndProject
Project("{2150E333-8FDC-42A3-9474-1A3956D46DE8}") = "Web", "Web", "{AA9E7227-03DB-4D04-A7FB-E8FD09D4C719}"
EndProject
Project("{9A19103F-16F7-4668-BE54-9A1E7A4F7556}") = "WebStatus", "src\Web\WebStatus\WebStatus.csproj", "{3B42E8EA-BD33-4324-A771-9A885788D8BA}"
EndProject
Project("{2150E333-8FDC-42A3-9474-1A3956D46DE8}") = "Libraries", "Libraries", "{74511F4E-FF9D-42C4-9531-A75C61270B73}"
EndProject
Project("{FAE04EC0-301F-11D3-BF4B-00C04F79EFBC}") = "OpenTelemetry", "src\Libraries\OpenTelemetry\OpenTelemetry.csproj", "{7B410F3B-36E0-4853-9B4E-41D0CC2865B5}"
EndProject
Project("{2150E333-8FDC-42A3-9474-1A3956D46DE8}") = "ApiGateways", "ApiGateways", "{256317ED-A2C8-48A0-9C6E-D6EB1F7D0BE0}"
EndProject
Project("{FAE04EC0-301F-11D3-BF4B-00C04F79EFBC}") = "eSchool.GraphQL", "src\ApiGateways\eSchool.GraphQL\eSchool.GraphQL.csproj", "{4053591A-1C1A-4A81-8496-F2FF7EAB2D5C}"
EndProject
Project("{2150E333-8FDC-42A3-9474-1A3956D46DE8}") = "Frontend.Blazor", "Frontend.Blazor", "{0C00A596-0FE3-4FA6-B54B-FE2BE83371EF}"
EndProject
Project("{FAE04EC0-301F-11D3-BF4B-00C04F79EFBC}") = "Frontend.Blazor.Client", "src\Web\Frontend.Blazor\Frontend.Blazor.Client\Frontend.Blazor.Client.csproj", "{53F4E6F9-6B91-45F9-97F9-F6EFA0EBEFCE}"
EndProject
Project("{FAE04EC0-301F-11D3-BF4B-00C04F79EFBC}") = "Frontend.Blazor.Server", "src\Web\Frontend.Blazor\Frontend.Blazor.Server\Frontend.Blazor.Server.csproj", "{3BABD4D9-56A1-4BA3-B30C-30E6765AB389}"
EndProject
Project("{FAE04EC0-301F-11D3-BF4B-00C04F79EFBC}") = "Frontend.Blazor.Shared", "src\Web\Frontend.Blazor\Frontend.Blazor.Shared\Frontend.Blazor.Shared.csproj", "{4EB86635-CF79-4D15-909E-C41C98B0B586}"
EndProject
Project("{2150E333-8FDC-42A3-9474-1A3956D46DE8}") = "Attendance", "Attendance", "{2BE71A01-0660-4264-B03F-8A386AB840ED}"
EndProject
Project("{FAE04EC0-301F-11D3-BF4B-00C04F79EFBC}") = "Attendance.API", "src\Services\Attendance\Attendance.API\Attendance.API.csproj", "{2A2976A2-4578-49D1-BC3B-A9D466837CCB}"
EndProject
Project("{FAE04EC0-301F-11D3-BF4B-00C04F79EFBC}") = "Attendance.Domain", "src\Services\Attendance\Attendance.Domain\Attendance.Domain.csproj", "{69EAD5CE-01BD-4132-B65B-69EAC7DA10AF}"
EndProject
Project("{FAE04EC0-301F-11D3-BF4B-00C04F79EFBC}") = "Attendance.FunctionalTests", "src\Services\Attendance\Attendance.FunctionalTests\Attendance.FunctionalTests.csproj", "{020D0652-9802-431D-836A-B9ED27D841A2}"
EndProject
Project("{FAE04EC0-301F-11D3-BF4B-00C04F79EFBC}") = "Attendance.Infrastructure", "src\Services\Attendance\Attendance.Infrastructure\Attendance.Infrastructure.csproj", "{767C29FF-C92E-424D-84D4-FF606FACD07A}"
EndProject
Project("{FAE04EC0-301F-11D3-BF4B-00C04F79EFBC}") = "Attendance.UnitTests", "src\Services\Attendance\Attendance.UnitTests\Attendance.UnitTests.csproj", "{0D9BD20E-7EBC-4689-B621-676440441223}"
EndProject
Global
	GlobalSection(SolutionConfigurationPlatforms) = preSolution
		Debug|Any CPU = Debug|Any CPU
		Debug|x64 = Debug|x64
		Debug|x86 = Debug|x86
		Release|Any CPU = Release|Any CPU
		Release|x64 = Release|x64
		Release|x86 = Release|x86
	EndGlobalSection
	GlobalSection(ProjectConfigurationPlatforms) = postSolution
		{A5EAFFBC-100F-4B84-AEC8-64048DB95905}.Debug|Any CPU.ActiveCfg = Debug|Any CPU
		{A5EAFFBC-100F-4B84-AEC8-64048DB95905}.Debug|Any CPU.Build.0 = Debug|Any CPU
		{A5EAFFBC-100F-4B84-AEC8-64048DB95905}.Debug|x64.ActiveCfg = Debug|Any CPU
		{A5EAFFBC-100F-4B84-AEC8-64048DB95905}.Debug|x64.Build.0 = Debug|Any CPU
		{A5EAFFBC-100F-4B84-AEC8-64048DB95905}.Debug|x86.ActiveCfg = Debug|Any CPU
		{A5EAFFBC-100F-4B84-AEC8-64048DB95905}.Debug|x86.Build.0 = Debug|Any CPU
		{A5EAFFBC-100F-4B84-AEC8-64048DB95905}.Release|Any CPU.ActiveCfg = Release|Any CPU
		{A5EAFFBC-100F-4B84-AEC8-64048DB95905}.Release|Any CPU.Build.0 = Release|Any CPU
		{A5EAFFBC-100F-4B84-AEC8-64048DB95905}.Release|x64.ActiveCfg = Release|Any CPU
		{A5EAFFBC-100F-4B84-AEC8-64048DB95905}.Release|x64.Build.0 = Release|Any CPU
		{A5EAFFBC-100F-4B84-AEC8-64048DB95905}.Release|x86.ActiveCfg = Release|Any CPU
		{A5EAFFBC-100F-4B84-AEC8-64048DB95905}.Release|x86.Build.0 = Release|Any CPU
		{ACAFCC74-35F3-44DB-B241-6E9A3CD928A5}.Debug|Any CPU.ActiveCfg = Debug|Any CPU
		{ACAFCC74-35F3-44DB-B241-6E9A3CD928A5}.Debug|Any CPU.Build.0 = Debug|Any CPU
		{ACAFCC74-35F3-44DB-B241-6E9A3CD928A5}.Debug|x64.ActiveCfg = Debug|Any CPU
		{ACAFCC74-35F3-44DB-B241-6E9A3CD928A5}.Debug|x64.Build.0 = Debug|Any CPU
		{ACAFCC74-35F3-44DB-B241-6E9A3CD928A5}.Debug|x86.ActiveCfg = Debug|Any CPU
		{ACAFCC74-35F3-44DB-B241-6E9A3CD928A5}.Debug|x86.Build.0 = Debug|Any CPU
		{ACAFCC74-35F3-44DB-B241-6E9A3CD928A5}.Release|Any CPU.ActiveCfg = Release|Any CPU
		{ACAFCC74-35F3-44DB-B241-6E9A3CD928A5}.Release|Any CPU.Build.0 = Release|Any CPU
		{ACAFCC74-35F3-44DB-B241-6E9A3CD928A5}.Release|x64.ActiveCfg = Release|Any CPU
		{ACAFCC74-35F3-44DB-B241-6E9A3CD928A5}.Release|x64.Build.0 = Release|Any CPU
		{ACAFCC74-35F3-44DB-B241-6E9A3CD928A5}.Release|x86.ActiveCfg = Release|Any CPU
		{ACAFCC74-35F3-44DB-B241-6E9A3CD928A5}.Release|x86.Build.0 = Release|Any CPU
		{EB122056-6372-4D14-B2DB-44658E76D865}.Debug|Any CPU.ActiveCfg = Debug|Any CPU
		{EB122056-6372-4D14-B2DB-44658E76D865}.Debug|Any CPU.Build.0 = Debug|Any CPU
		{EB122056-6372-4D14-B2DB-44658E76D865}.Debug|x64.ActiveCfg = Debug|Any CPU
		{EB122056-6372-4D14-B2DB-44658E76D865}.Debug|x64.Build.0 = Debug|Any CPU
		{EB122056-6372-4D14-B2DB-44658E76D865}.Debug|x86.ActiveCfg = Debug|Any CPU
		{EB122056-6372-4D14-B2DB-44658E76D865}.Debug|x86.Build.0 = Debug|Any CPU
		{EB122056-6372-4D14-B2DB-44658E76D865}.Release|Any CPU.ActiveCfg = Release|Any CPU
		{EB122056-6372-4D14-B2DB-44658E76D865}.Release|Any CPU.Build.0 = Release|Any CPU
		{EB122056-6372-4D14-B2DB-44658E76D865}.Release|x64.ActiveCfg = Release|Any CPU
		{EB122056-6372-4D14-B2DB-44658E76D865}.Release|x64.Build.0 = Release|Any CPU
		{EB122056-6372-4D14-B2DB-44658E76D865}.Release|x86.ActiveCfg = Release|Any CPU
		{EB122056-6372-4D14-B2DB-44658E76D865}.Release|x86.Build.0 = Release|Any CPU
		{6E09909F-02B9-4BCF-8EC4-5E00A5185A86}.Debug|Any CPU.ActiveCfg = Debug|Any CPU
		{6E09909F-02B9-4BCF-8EC4-5E00A5185A86}.Debug|Any CPU.Build.0 = Debug|Any CPU
		{6E09909F-02B9-4BCF-8EC4-5E00A5185A86}.Debug|x64.ActiveCfg = Debug|Any CPU
		{6E09909F-02B9-4BCF-8EC4-5E00A5185A86}.Debug|x64.Build.0 = Debug|Any CPU
		{6E09909F-02B9-4BCF-8EC4-5E00A5185A86}.Debug|x86.ActiveCfg = Debug|Any CPU
		{6E09909F-02B9-4BCF-8EC4-5E00A5185A86}.Debug|x86.Build.0 = Debug|Any CPU
		{6E09909F-02B9-4BCF-8EC4-5E00A5185A86}.Release|Any CPU.ActiveCfg = Release|Any CPU
		{6E09909F-02B9-4BCF-8EC4-5E00A5185A86}.Release|Any CPU.Build.0 = Release|Any CPU
		{6E09909F-02B9-4BCF-8EC4-5E00A5185A86}.Release|x64.ActiveCfg = Release|Any CPU
		{6E09909F-02B9-4BCF-8EC4-5E00A5185A86}.Release|x64.Build.0 = Release|Any CPU
		{6E09909F-02B9-4BCF-8EC4-5E00A5185A86}.Release|x86.ActiveCfg = Release|Any CPU
		{6E09909F-02B9-4BCF-8EC4-5E00A5185A86}.Release|x86.Build.0 = Release|Any CPU
		{057CF093-72A7-47CC-BCB8-296C2B569905}.Debug|Any CPU.ActiveCfg = Debug|Any CPU
		{057CF093-72A7-47CC-BCB8-296C2B569905}.Debug|Any CPU.Build.0 = Debug|Any CPU
		{057CF093-72A7-47CC-BCB8-296C2B569905}.Debug|x64.ActiveCfg = Debug|Any CPU
		{057CF093-72A7-47CC-BCB8-296C2B569905}.Debug|x64.Build.0 = Debug|Any CPU
		{057CF093-72A7-47CC-BCB8-296C2B569905}.Debug|x86.ActiveCfg = Debug|Any CPU
		{057CF093-72A7-47CC-BCB8-296C2B569905}.Debug|x86.Build.0 = Debug|Any CPU
		{057CF093-72A7-47CC-BCB8-296C2B569905}.Release|Any CPU.ActiveCfg = Release|Any CPU
		{057CF093-72A7-47CC-BCB8-296C2B569905}.Release|Any CPU.Build.0 = Release|Any CPU
		{057CF093-72A7-47CC-BCB8-296C2B569905}.Release|x64.ActiveCfg = Release|Any CPU
		{057CF093-72A7-47CC-BCB8-296C2B569905}.Release|x64.Build.0 = Release|Any CPU
		{057CF093-72A7-47CC-BCB8-296C2B569905}.Release|x86.ActiveCfg = Release|Any CPU
		{057CF093-72A7-47CC-BCB8-296C2B569905}.Release|x86.Build.0 = Release|Any CPU
		{9CC3C97F-A73C-4ECB-B920-626035DA3013}.Debug|Any CPU.ActiveCfg = Debug|Any CPU
		{9CC3C97F-A73C-4ECB-B920-626035DA3013}.Debug|Any CPU.Build.0 = Debug|Any CPU
		{9CC3C97F-A73C-4ECB-B920-626035DA3013}.Debug|x64.ActiveCfg = Debug|Any CPU
		{9CC3C97F-A73C-4ECB-B920-626035DA3013}.Debug|x64.Build.0 = Debug|Any CPU
		{9CC3C97F-A73C-4ECB-B920-626035DA3013}.Debug|x86.ActiveCfg = Debug|Any CPU
		{9CC3C97F-A73C-4ECB-B920-626035DA3013}.Debug|x86.Build.0 = Debug|Any CPU
		{9CC3C97F-A73C-4ECB-B920-626035DA3013}.Release|Any CPU.ActiveCfg = Release|Any CPU
		{9CC3C97F-A73C-4ECB-B920-626035DA3013}.Release|Any CPU.Build.0 = Release|Any CPU
		{9CC3C97F-A73C-4ECB-B920-626035DA3013}.Release|x64.ActiveCfg = Release|Any CPU
		{9CC3C97F-A73C-4ECB-B920-626035DA3013}.Release|x64.Build.0 = Release|Any CPU
		{9CC3C97F-A73C-4ECB-B920-626035DA3013}.Release|x86.ActiveCfg = Release|Any CPU
		{9CC3C97F-A73C-4ECB-B920-626035DA3013}.Release|x86.Build.0 = Release|Any CPU
		{3B42E8EA-BD33-4324-A771-9A885788D8BA}.Debug|Any CPU.ActiveCfg = Debug|Any CPU
		{3B42E8EA-BD33-4324-A771-9A885788D8BA}.Debug|Any CPU.Build.0 = Debug|Any CPU
		{3B42E8EA-BD33-4324-A771-9A885788D8BA}.Debug|x64.ActiveCfg = Debug|Any CPU
		{3B42E8EA-BD33-4324-A771-9A885788D8BA}.Debug|x64.Build.0 = Debug|Any CPU
		{3B42E8EA-BD33-4324-A771-9A885788D8BA}.Debug|x86.ActiveCfg = Debug|Any CPU
		{3B42E8EA-BD33-4324-A771-9A885788D8BA}.Debug|x86.Build.0 = Debug|Any CPU
		{3B42E8EA-BD33-4324-A771-9A885788D8BA}.Release|Any CPU.ActiveCfg = Release|Any CPU
		{3B42E8EA-BD33-4324-A771-9A885788D8BA}.Release|Any CPU.Build.0 = Release|Any CPU
		{3B42E8EA-BD33-4324-A771-9A885788D8BA}.Release|x64.ActiveCfg = Release|Any CPU
		{3B42E8EA-BD33-4324-A771-9A885788D8BA}.Release|x64.Build.0 = Release|Any CPU
		{3B42E8EA-BD33-4324-A771-9A885788D8BA}.Release|x86.ActiveCfg = Release|Any CPU
		{3B42E8EA-BD33-4324-A771-9A885788D8BA}.Release|x86.Build.0 = Release|Any CPU
		{7B410F3B-36E0-4853-9B4E-41D0CC2865B5}.Debug|Any CPU.ActiveCfg = Debug|Any CPU
		{7B410F3B-36E0-4853-9B4E-41D0CC2865B5}.Debug|Any CPU.Build.0 = Debug|Any CPU
		{7B410F3B-36E0-4853-9B4E-41D0CC2865B5}.Debug|x64.ActiveCfg = Debug|Any CPU
		{7B410F3B-36E0-4853-9B4E-41D0CC2865B5}.Debug|x64.Build.0 = Debug|Any CPU
		{7B410F3B-36E0-4853-9B4E-41D0CC2865B5}.Debug|x86.ActiveCfg = Debug|Any CPU
		{7B410F3B-36E0-4853-9B4E-41D0CC2865B5}.Debug|x86.Build.0 = Debug|Any CPU
		{7B410F3B-36E0-4853-9B4E-41D0CC2865B5}.Release|Any CPU.ActiveCfg = Release|Any CPU
		{7B410F3B-36E0-4853-9B4E-41D0CC2865B5}.Release|Any CPU.Build.0 = Release|Any CPU
		{7B410F3B-36E0-4853-9B4E-41D0CC2865B5}.Release|x64.ActiveCfg = Release|Any CPU
		{7B410F3B-36E0-4853-9B4E-41D0CC2865B5}.Release|x64.Build.0 = Release|Any CPU
		{7B410F3B-36E0-4853-9B4E-41D0CC2865B5}.Release|x86.ActiveCfg = Release|Any CPU
		{7B410F3B-36E0-4853-9B4E-41D0CC2865B5}.Release|x86.Build.0 = Release|Any CPU
		{4053591A-1C1A-4A81-8496-F2FF7EAB2D5C}.Debug|Any CPU.ActiveCfg = Debug|Any CPU
		{4053591A-1C1A-4A81-8496-F2FF7EAB2D5C}.Debug|Any CPU.Build.0 = Debug|Any CPU
		{4053591A-1C1A-4A81-8496-F2FF7EAB2D5C}.Debug|x64.ActiveCfg = Debug|Any CPU
		{4053591A-1C1A-4A81-8496-F2FF7EAB2D5C}.Debug|x64.Build.0 = Debug|Any CPU
		{4053591A-1C1A-4A81-8496-F2FF7EAB2D5C}.Debug|x86.ActiveCfg = Debug|Any CPU
		{4053591A-1C1A-4A81-8496-F2FF7EAB2D5C}.Debug|x86.Build.0 = Debug|Any CPU
		{4053591A-1C1A-4A81-8496-F2FF7EAB2D5C}.Release|Any CPU.ActiveCfg = Release|Any CPU
		{4053591A-1C1A-4A81-8496-F2FF7EAB2D5C}.Release|Any CPU.Build.0 = Release|Any CPU
		{4053591A-1C1A-4A81-8496-F2FF7EAB2D5C}.Release|x64.ActiveCfg = Release|Any CPU
		{4053591A-1C1A-4A81-8496-F2FF7EAB2D5C}.Release|x64.Build.0 = Release|Any CPU
		{4053591A-1C1A-4A81-8496-F2FF7EAB2D5C}.Release|x86.ActiveCfg = Release|Any CPU
		{4053591A-1C1A-4A81-8496-F2FF7EAB2D5C}.Release|x86.Build.0 = Release|Any CPU
		{53F4E6F9-6B91-45F9-97F9-F6EFA0EBEFCE}.Debug|Any CPU.ActiveCfg = Debug|Any CPU
		{53F4E6F9-6B91-45F9-97F9-F6EFA0EBEFCE}.Debug|Any CPU.Build.0 = Debug|Any CPU
		{53F4E6F9-6B91-45F9-97F9-F6EFA0EBEFCE}.Debug|x64.ActiveCfg = Debug|Any CPU
		{53F4E6F9-6B91-45F9-97F9-F6EFA0EBEFCE}.Debug|x64.Build.0 = Debug|Any CPU
		{53F4E6F9-6B91-45F9-97F9-F6EFA0EBEFCE}.Debug|x86.ActiveCfg = Debug|Any CPU
		{53F4E6F9-6B91-45F9-97F9-F6EFA0EBEFCE}.Debug|x86.Build.0 = Debug|Any CPU
		{53F4E6F9-6B91-45F9-97F9-F6EFA0EBEFCE}.Release|Any CPU.ActiveCfg = Release|Any CPU
		{53F4E6F9-6B91-45F9-97F9-F6EFA0EBEFCE}.Release|Any CPU.Build.0 = Release|Any CPU
		{53F4E6F9-6B91-45F9-97F9-F6EFA0EBEFCE}.Release|x64.ActiveCfg = Release|Any CPU
		{53F4E6F9-6B91-45F9-97F9-F6EFA0EBEFCE}.Release|x64.Build.0 = Release|Any CPU
		{53F4E6F9-6B91-45F9-97F9-F6EFA0EBEFCE}.Release|x86.ActiveCfg = Release|Any CPU
		{53F4E6F9-6B91-45F9-97F9-F6EFA0EBEFCE}.Release|x86.Build.0 = Release|Any CPU
		{3BABD4D9-56A1-4BA3-B30C-30E6765AB389}.Debug|Any CPU.ActiveCfg = Debug|Any CPU
		{3BABD4D9-56A1-4BA3-B30C-30E6765AB389}.Debug|Any CPU.Build.0 = Debug|Any CPU
		{3BABD4D9-56A1-4BA3-B30C-30E6765AB389}.Debug|x64.ActiveCfg = Debug|Any CPU
		{3BABD4D9-56A1-4BA3-B30C-30E6765AB389}.Debug|x64.Build.0 = Debug|Any CPU
		{3BABD4D9-56A1-4BA3-B30C-30E6765AB389}.Debug|x86.ActiveCfg = Debug|Any CPU
		{3BABD4D9-56A1-4BA3-B30C-30E6765AB389}.Debug|x86.Build.0 = Debug|Any CPU
		{3BABD4D9-56A1-4BA3-B30C-30E6765AB389}.Release|Any CPU.ActiveCfg = Release|Any CPU
		{3BABD4D9-56A1-4BA3-B30C-30E6765AB389}.Release|Any CPU.Build.0 = Release|Any CPU
		{3BABD4D9-56A1-4BA3-B30C-30E6765AB389}.Release|x64.ActiveCfg = Release|Any CPU
		{3BABD4D9-56A1-4BA3-B30C-30E6765AB389}.Release|x64.Build.0 = Release|Any CPU
		{3BABD4D9-56A1-4BA3-B30C-30E6765AB389}.Release|x86.ActiveCfg = Release|Any CPU
		{3BABD4D9-56A1-4BA3-B30C-30E6765AB389}.Release|x86.Build.0 = Release|Any CPU
		{4EB86635-CF79-4D15-909E-C41C98B0B586}.Debug|Any CPU.ActiveCfg = Debug|Any CPU
		{4EB86635-CF79-4D15-909E-C41C98B0B586}.Debug|Any CPU.Build.0 = Debug|Any CPU
		{4EB86635-CF79-4D15-909E-C41C98B0B586}.Debug|x64.ActiveCfg = Debug|Any CPU
		{4EB86635-CF79-4D15-909E-C41C98B0B586}.Debug|x64.Build.0 = Debug|Any CPU
		{4EB86635-CF79-4D15-909E-C41C98B0B586}.Debug|x86.ActiveCfg = Debug|Any CPU
		{4EB86635-CF79-4D15-909E-C41C98B0B586}.Debug|x86.Build.0 = Debug|Any CPU
		{4EB86635-CF79-4D15-909E-C41C98B0B586}.Release|Any CPU.ActiveCfg = Release|Any CPU
		{4EB86635-CF79-4D15-909E-C41C98B0B586}.Release|Any CPU.Build.0 = Release|Any CPU
		{4EB86635-CF79-4D15-909E-C41C98B0B586}.Release|x64.ActiveCfg = Release|Any CPU
		{4EB86635-CF79-4D15-909E-C41C98B0B586}.Release|x64.Build.0 = Release|Any CPU
		{4EB86635-CF79-4D15-909E-C41C98B0B586}.Release|x86.ActiveCfg = Release|Any CPU
		{4EB86635-CF79-4D15-909E-C41C98B0B586}.Release|x86.Build.0 = Release|Any CPU
		{2A2976A2-4578-49D1-BC3B-A9D466837CCB}.Debug|Any CPU.ActiveCfg = Debug|Any CPU
		{2A2976A2-4578-49D1-BC3B-A9D466837CCB}.Debug|Any CPU.Build.0 = Debug|Any CPU
		{2A2976A2-4578-49D1-BC3B-A9D466837CCB}.Debug|x64.ActiveCfg = Debug|Any CPU
		{2A2976A2-4578-49D1-BC3B-A9D466837CCB}.Debug|x64.Build.0 = Debug|Any CPU
		{2A2976A2-4578-49D1-BC3B-A9D466837CCB}.Debug|x86.ActiveCfg = Debug|Any CPU
		{2A2976A2-4578-49D1-BC3B-A9D466837CCB}.Debug|x86.Build.0 = Debug|Any CPU
		{2A2976A2-4578-49D1-BC3B-A9D466837CCB}.Release|Any CPU.ActiveCfg = Release|Any CPU
		{2A2976A2-4578-49D1-BC3B-A9D466837CCB}.Release|Any CPU.Build.0 = Release|Any CPU
		{2A2976A2-4578-49D1-BC3B-A9D466837CCB}.Release|x64.ActiveCfg = Release|Any CPU
		{2A2976A2-4578-49D1-BC3B-A9D466837CCB}.Release|x64.Build.0 = Release|Any CPU
		{2A2976A2-4578-49D1-BC3B-A9D466837CCB}.Release|x86.ActiveCfg = Release|Any CPU
		{2A2976A2-4578-49D1-BC3B-A9D466837CCB}.Release|x86.Build.0 = Release|Any CPU
		{69EAD5CE-01BD-4132-B65B-69EAC7DA10AF}.Debug|Any CPU.ActiveCfg = Debug|Any CPU
		{69EAD5CE-01BD-4132-B65B-69EAC7DA10AF}.Debug|Any CPU.Build.0 = Debug|Any CPU
		{69EAD5CE-01BD-4132-B65B-69EAC7DA10AF}.Debug|x64.ActiveCfg = Debug|Any CPU
		{69EAD5CE-01BD-4132-B65B-69EAC7DA10AF}.Debug|x64.Build.0 = Debug|Any CPU
		{69EAD5CE-01BD-4132-B65B-69EAC7DA10AF}.Debug|x86.ActiveCfg = Debug|Any CPU
		{69EAD5CE-01BD-4132-B65B-69EAC7DA10AF}.Debug|x86.Build.0 = Debug|Any CPU
		{69EAD5CE-01BD-4132-B65B-69EAC7DA10AF}.Release|Any CPU.ActiveCfg = Release|Any CPU
		{69EAD5CE-01BD-4132-B65B-69EAC7DA10AF}.Release|Any CPU.Build.0 = Release|Any CPU
		{69EAD5CE-01BD-4132-B65B-69EAC7DA10AF}.Release|x64.ActiveCfg = Release|Any CPU
		{69EAD5CE-01BD-4132-B65B-69EAC7DA10AF}.Release|x64.Build.0 = Release|Any CPU
		{69EAD5CE-01BD-4132-B65B-69EAC7DA10AF}.Release|x86.ActiveCfg = Release|Any CPU
		{69EAD5CE-01BD-4132-B65B-69EAC7DA10AF}.Release|x86.Build.0 = Release|Any CPU
		{020D0652-9802-431D-836A-B9ED27D841A2}.Debug|Any CPU.ActiveCfg = Debug|Any CPU
		{020D0652-9802-431D-836A-B9ED27D841A2}.Debug|Any CPU.Build.0 = Debug|Any CPU
		{020D0652-9802-431D-836A-B9ED27D841A2}.Debug|x64.ActiveCfg = Debug|Any CPU
		{020D0652-9802-431D-836A-B9ED27D841A2}.Debug|x64.Build.0 = Debug|Any CPU
		{020D0652-9802-431D-836A-B9ED27D841A2}.Debug|x86.ActiveCfg = Debug|Any CPU
		{020D0652-9802-431D-836A-B9ED27D841A2}.Debug|x86.Build.0 = Debug|Any CPU
		{020D0652-9802-431D-836A-B9ED27D841A2}.Release|Any CPU.ActiveCfg = Release|Any CPU
		{020D0652-9802-431D-836A-B9ED27D841A2}.Release|Any CPU.Build.0 = Release|Any CPU
		{020D0652-9802-431D-836A-B9ED27D841A2}.Release|x64.ActiveCfg = Release|Any CPU
		{020D0652-9802-431D-836A-B9ED27D841A2}.Release|x64.Build.0 = Release|Any CPU
		{020D0652-9802-431D-836A-B9ED27D841A2}.Release|x86.ActiveCfg = Release|Any CPU
		{020D0652-9802-431D-836A-B9ED27D841A2}.Release|x86.Build.0 = Release|Any CPU
		{767C29FF-C92E-424D-84D4-FF606FACD07A}.Debug|Any CPU.ActiveCfg = Debug|Any CPU
		{767C29FF-C92E-424D-84D4-FF606FACD07A}.Debug|Any CPU.Build.0 = Debug|Any CPU
		{767C29FF-C92E-424D-84D4-FF606FACD07A}.Debug|x64.ActiveCfg = Debug|Any CPU
		{767C29FF-C92E-424D-84D4-FF606FACD07A}.Debug|x64.Build.0 = Debug|Any CPU
		{767C29FF-C92E-424D-84D4-FF606FACD07A}.Debug|x86.ActiveCfg = Debug|Any CPU
		{767C29FF-C92E-424D-84D4-FF606FACD07A}.Debug|x86.Build.0 = Debug|Any CPU
		{767C29FF-C92E-424D-84D4-FF606FACD07A}.Release|Any CPU.ActiveCfg = Release|Any CPU
		{767C29FF-C92E-424D-84D4-FF606FACD07A}.Release|Any CPU.Build.0 = Release|Any CPU
		{767C29FF-C92E-424D-84D4-FF606FACD07A}.Release|x64.ActiveCfg = Release|Any CPU
		{767C29FF-C92E-424D-84D4-FF606FACD07A}.Release|x64.Build.0 = Release|Any CPU
		{767C29FF-C92E-424D-84D4-FF606FACD07A}.Release|x86.ActiveCfg = Release|Any CPU
		{767C29FF-C92E-424D-84D4-FF606FACD07A}.Release|x86.Build.0 = Release|Any CPU
		{0D9BD20E-7EBC-4689-B621-676440441223}.Debug|Any CPU.ActiveCfg = Debug|Any CPU
		{0D9BD20E-7EBC-4689-B621-676440441223}.Debug|Any CPU.Build.0 = Debug|Any CPU
		{0D9BD20E-7EBC-4689-B621-676440441223}.Debug|x64.ActiveCfg = Debug|Any CPU
		{0D9BD20E-7EBC-4689-B621-676440441223}.Debug|x64.Build.0 = Debug|Any CPU
		{0D9BD20E-7EBC-4689-B621-676440441223}.Debug|x86.ActiveCfg = Debug|Any CPU
		{0D9BD20E-7EBC-4689-B621-676440441223}.Debug|x86.Build.0 = Debug|Any CPU
		{0D9BD20E-7EBC-4689-B621-676440441223}.Release|Any CPU.ActiveCfg = Release|Any CPU
		{0D9BD20E-7EBC-4689-B621-676440441223}.Release|Any CPU.Build.0 = Release|Any CPU
		{0D9BD20E-7EBC-4689-B621-676440441223}.Release|x64.ActiveCfg = Release|Any CPU
		{0D9BD20E-7EBC-4689-B621-676440441223}.Release|x64.Build.0 = Release|Any CPU
		{0D9BD20E-7EBC-4689-B621-676440441223}.Release|x86.ActiveCfg = Release|Any CPU
		{0D9BD20E-7EBC-4689-B621-676440441223}.Release|x86.Build.0 = Release|Any CPU
	EndGlobalSection
	GlobalSection(SolutionProperties) = preSolution
		HideSolutionNode = FALSE
	EndGlobalSection
	GlobalSection(NestedProjects) = preSolution
		{1C120673-72F4-4679-AC4C-68286E9091A5} = {6BFF1AB8-C900-43E5-988F-E07C085BD64A}
		{5193B8A7-4464-482A-872C-C59BB56C88ED} = {1C120673-72F4-4679-AC4C-68286E9091A5}
		{A5EAFFBC-100F-4B84-AEC8-64048DB95905} = {5193B8A7-4464-482A-872C-C59BB56C88ED}
		{ACAFCC74-35F3-44DB-B241-6E9A3CD928A5} = {5193B8A7-4464-482A-872C-C59BB56C88ED}
		{EB122056-6372-4D14-B2DB-44658E76D865} = {5193B8A7-4464-482A-872C-C59BB56C88ED}
		{6E09909F-02B9-4BCF-8EC4-5E00A5185A86} = {5193B8A7-4464-482A-872C-C59BB56C88ED}
		{057CF093-72A7-47CC-BCB8-296C2B569905} = {5193B8A7-4464-482A-872C-C59BB56C88ED}
		{AA9E7227-03DB-4D04-A7FB-E8FD09D4C719} = {6BFF1AB8-C900-43E5-988F-E07C085BD64A}
		{3B42E8EA-BD33-4324-A771-9A885788D8BA} = {AA9E7227-03DB-4D04-A7FB-E8FD09D4C719}
		{74511F4E-FF9D-42C4-9531-A75C61270B73} = {6BFF1AB8-C900-43E5-988F-E07C085BD64A}
		{7B410F3B-36E0-4853-9B4E-41D0CC2865B5} = {74511F4E-FF9D-42C4-9531-A75C61270B73}
		{256317ED-A2C8-48A0-9C6E-D6EB1F7D0BE0} = {6BFF1AB8-C900-43E5-988F-E07C085BD64A}
		{4053591A-1C1A-4A81-8496-F2FF7EAB2D5C} = {256317ED-A2C8-48A0-9C6E-D6EB1F7D0BE0}
		{0C00A596-0FE3-4FA6-B54B-FE2BE83371EF} = {AA9E7227-03DB-4D04-A7FB-E8FD09D4C719}
		{53F4E6F9-6B91-45F9-97F9-F6EFA0EBEFCE} = {0C00A596-0FE3-4FA6-B54B-FE2BE83371EF}
		{3BABD4D9-56A1-4BA3-B30C-30E6765AB389} = {0C00A596-0FE3-4FA6-B54B-FE2BE83371EF}
		{4EB86635-CF79-4D15-909E-C41C98B0B586} = {0C00A596-0FE3-4FA6-B54B-FE2BE83371EF}
		{2BE71A01-0660-4264-B03F-8A386AB840ED} = {1C120673-72F4-4679-AC4C-68286E9091A5}
		{2A2976A2-4578-49D1-BC3B-A9D466837CCB} = {2BE71A01-0660-4264-B03F-8A386AB840ED}
		{69EAD5CE-01BD-4132-B65B-69EAC7DA10AF} = {2BE71A01-0660-4264-B03F-8A386AB840ED}
		{020D0652-9802-431D-836A-B9ED27D841A2} = {2BE71A01-0660-4264-B03F-8A386AB840ED}
		{767C29FF-C92E-424D-84D4-FF606FACD07A} = {2BE71A01-0660-4264-B03F-8A386AB840ED}
		{0D9BD20E-7EBC-4689-B621-676440441223} = {2BE71A01-0660-4264-B03F-8A386AB840ED}
	EndGlobalSection
	GlobalSection(ExtensibilityGlobals) = postSolution
		SolutionGuid = {E418719F-3193-403E-AF58-9BE9F94FD8BE}
	EndGlobalSection
EndGlobal
