
Microsoft Visual Studio Solution File, Format Version 12.00
# Visual Studio Version 16
VisualStudioVersion = 16.0.29418.71
MinimumVisualStudioVersion = 10.0.40219.1
Project("{2150E333-8FDC-42A3-9474-1A3956D46DE8}") = "src", "src", "{6BFF1AB8-C900-43E5-988F-E07C085BD64A}"
EndProject
Project("{2150E333-8FDC-42A3-9474-1A3956D46DE8}") = "Services", "Services", "{1C120673-72F4-4679-AC4C-68286E9091A5}"
EndProject
Project("{2150E333-8FDC-42A3-9474-1A3956D46DE8}") = "Enrolling", "Enrolling", "{5193B8A7-4464-482A-872C-C59BB56C88ED}"
EndProject
Project("{9A19103F-16F7-4668-BE54-9A1E7A4F7556}") = "Enrolling.FunctionalTests", "src\Services\Enrolling\Enrolling.FunctionalTests\Enrolling.FunctionalTests.csproj", "{A5EAFFBC-100F-4B84-AEC8-64048DB95905}"
EndProject
Project("{9A19103F-16F7-4668-BE54-9A1E7A4F7556}") = "Enrolling.UnitTests", "src\Services\Enrolling\Enrolling.UnitTests\Enrolling.UnitTests.csproj", "{ACAFCC74-35F3-44DB-B241-6E9A3CD928A5}"
EndProject
Project("{9A19103F-16F7-4668-BE54-9A1E7A4F7556}") = "Enrolling.Domain", "src\Services\Enrolling\Enrolling.Domain\Enrolling.Domain.csproj", "{EB122056-6372-4D14-B2DB-44658E76D865}"
EndProject
Project("{9A19103F-16F7-4668-BE54-9A1E7A4F7556}") = "Enrolling.Infrastructure", "src\Services\Enrolling\Enrolling.Infrastructure\Enrolling.Infrastructure.csproj", "{6E09909F-02B9-4BCF-8EC4-5E00A5185A86}"
EndProject
Project("{9A19103F-16F7-4668-BE54-9A1E7A4F7556}") = "Enrolling.API", "src\Services\Enrolling\Enrolling.API\Enrolling.API.csproj", "{057CF093-72A7-47CC-BCB8-296C2B569905}"
EndProject
Project("{E53339B2-1760-4266-BCC7-CA923CBCF16C}") = "docker-compose", "docker-compose.dcproj", "{9CC3C97F-A73C-4ECB-B920-626035DA3013}"
EndProject
Project("{2150E333-8FDC-42A3-9474-1A3956D46DE8}") = "Web", "Web", "{AA9E7227-03DB-4D04-A7FB-E8FD09D4C719}"
EndProject
Project("{9A19103F-16F7-4668-BE54-9A1E7A4F7556}") = "WebStatus", "src\Web\WebStatus\WebStatus.csproj", "{3B42E8EA-BD33-4324-A771-9A885788D8BA}"
EndProject
Project("{2150E333-8FDC-42A3-9474-1A3956D46DE8}") = "Joining", "Joining", "{8D2EFB6A-917E-4B93-890B-EBDD71476716}"
EndProject
Project("{9A19103F-16F7-4668-BE54-9A1E7A4F7556}") = "Joining.Domain", "src\Services\Joining\Joining.Domain\Joining.Domain.csproj", "{BFC4D589-8BB1-4BE5-A970-E8CFC952D7D3}"
EndProject
Project("{9A19103F-16F7-4668-BE54-9A1E7A4F7556}") = "Joining.Infrastructure", "src\Services\Joining\Joining.Infrastructure\Joining.Infrastructure.csproj", "{0B5F8BE7-44EB-47FB-B4F6-E6E6A35A76D5}"
	ProjectSection(ProjectDependencies) = postProject
		{BFC4D589-8BB1-4BE5-A970-E8CFC952D7D3} = {BFC4D589-8BB1-4BE5-A970-E8CFC952D7D3}
	EndProjectSection
EndProject
Project("{9A19103F-16F7-4668-BE54-9A1E7A4F7556}") = "Joining.FunctionalTests", "src\Services\Joining\Joining.FunctionalTests\Joining.FunctionalTests.csproj", "{46F2E473-A24A-44F7-973B-EB203A59FF00}"
EndProject
Project("{9A19103F-16F7-4668-BE54-9A1E7A4F7556}") = "Joining.UnitTests", "src\Services\Joining\Joining.UnitTests\Joining.UnitTests.csproj", "{039410B3-0844-4AE2-B0D3-3D2EC8AA8D6E}"
EndProject
Project("{9A19103F-16F7-4668-BE54-9A1E7A4F7556}") = "Joining.API", "src\Services\Joining\Joining.API\Joining.API.csproj", "{60198F92-1838-4524-BCC5-BA8946305A2C}"
EndProject
Project("{2150E333-8FDC-42A3-9474-1A3956D46DE8}") = "Attendance", "Attendance", "{75C2D466-BCAC-11EA-B3DE-0242AC130004}"
EndProject
Project("{2150E333-8FDC-42A3-9474-1A3956D46DE8}") = "Attendance", "Attendance", "{02362EB4-9AF7-4D87-B4BD-33B08EF413C2}"
EndProject
Project("{9A19103F-16F7-4668-BE54-9A1E7A4F7556}") = "Attendance.API", "src\Services\Attendance\Attendance.API\Attendance.API.csproj", "{70DF68FA-197C-4369-839E-A797B04CF403}"
EndProject
Project("{9A19103F-16F7-4668-BE54-9A1E7A4F7556}") = "Attendance.Domain", "src\Services\Attendance\Attendance.Domain\Attendance.Domain.csproj", "{267E687A-38E3-4A07-A52D-2481996854F4}"
EndProject
Project("{9A19103F-16F7-4668-BE54-9A1E7A4F7556}") = "Attendance.Infrastructure", "src\Services\Attendance\Attendance.Infrastructure\Attendance.Infrastructure.csproj", "{CA69E2F8-3F62-4829-9339-6822D409F102}"
EndProject
Project("{9A19103F-16F7-4668-BE54-9A1E7A4F7556}") = "Attendance.FunctionalTests", "src\Services\Attendance\Attendance.FunctionalTests\Attendance.FunctionalTests.csproj", "{EEEBE3EF-1F52-4D66-8213-B98AE72D6F17}"
EndProject
Project("{9A19103F-16F7-4668-BE54-9A1E7A4F7556}") = "Attendance.UnitTests", "src\Services\Attendance\Attendance.UnitTests\Attendance.UnitTests.csproj", "{0A317AA6-B8E3-46D1-BCEF-FFB83C89F143}"
EndProject
Project("{FAE04EC0-301F-11D3-BF4B-00C04F79EFBC}") = "Attendance.SharedKernel", "src\Services\Attendance\Attendance.SharedKernel\Attendance.SharedKernel.csproj", "{BE97D6D1-B4A4-49D2-9A22-FBC8F2FE5395}"
EndProject
Global
	GlobalSection(SolutionConfigurationPlatforms) = preSolution
		Debug|Any CPU = Debug|Any CPU
		Debug|x64 = Debug|x64
		Debug|x86 = Debug|x86
		Release|Any CPU = Release|Any CPU
		Release|x64 = Release|x64
		Release|x86 = Release|x86
	EndGlobalSection
	GlobalSection(ProjectConfigurationPlatforms) = postSolution
		{A5EAFFBC-100F-4B84-AEC8-64048DB95905}.Debug|Any CPU.ActiveCfg = Debug|Any CPU
		{A5EAFFBC-100F-4B84-AEC8-64048DB95905}.Debug|Any CPU.Build.0 = Debug|Any CPU
		{A5EAFFBC-100F-4B84-AEC8-64048DB95905}.Debug|x64.ActiveCfg = Debug|Any CPU
		{A5EAFFBC-100F-4B84-AEC8-64048DB95905}.Debug|x64.Build.0 = Debug|Any CPU
		{A5EAFFBC-100F-4B84-AEC8-64048DB95905}.Debug|x86.ActiveCfg = Debug|Any CPU
		{A5EAFFBC-100F-4B84-AEC8-64048DB95905}.Debug|x86.Build.0 = Debug|Any CPU
		{A5EAFFBC-100F-4B84-AEC8-64048DB95905}.Release|Any CPU.ActiveCfg = Release|Any CPU
		{A5EAFFBC-100F-4B84-AEC8-64048DB95905}.Release|Any CPU.Build.0 = Release|Any CPU
		{A5EAFFBC-100F-4B84-AEC8-64048DB95905}.Release|x64.ActiveCfg = Release|Any CPU
		{A5EAFFBC-100F-4B84-AEC8-64048DB95905}.Release|x64.Build.0 = Release|Any CPU
		{A5EAFFBC-100F-4B84-AEC8-64048DB95905}.Release|x86.ActiveCfg = Release|Any CPU
		{A5EAFFBC-100F-4B84-AEC8-64048DB95905}.Release|x86.Build.0 = Release|Any CPU
		{ACAFCC74-35F3-44DB-B241-6E9A3CD928A5}.Debug|Any CPU.ActiveCfg = Debug|Any CPU
		{ACAFCC74-35F3-44DB-B241-6E9A3CD928A5}.Debug|Any CPU.Build.0 = Debug|Any CPU
		{ACAFCC74-35F3-44DB-B241-6E9A3CD928A5}.Debug|x64.ActiveCfg = Debug|Any CPU
		{ACAFCC74-35F3-44DB-B241-6E9A3CD928A5}.Debug|x64.Build.0 = Debug|Any CPU
		{ACAFCC74-35F3-44DB-B241-6E9A3CD928A5}.Debug|x86.ActiveCfg = Debug|Any CPU
		{ACAFCC74-35F3-44DB-B241-6E9A3CD928A5}.Debug|x86.Build.0 = Debug|Any CPU
		{ACAFCC74-35F3-44DB-B241-6E9A3CD928A5}.Release|Any CPU.ActiveCfg = Release|Any CPU
		{ACAFCC74-35F3-44DB-B241-6E9A3CD928A5}.Release|Any CPU.Build.0 = Release|Any CPU
		{ACAFCC74-35F3-44DB-B241-6E9A3CD928A5}.Release|x64.ActiveCfg = Release|Any CPU
		{ACAFCC74-35F3-44DB-B241-6E9A3CD928A5}.Release|x64.Build.0 = Release|Any CPU
		{ACAFCC74-35F3-44DB-B241-6E9A3CD928A5}.Release|x86.ActiveCfg = Release|Any CPU
		{ACAFCC74-35F3-44DB-B241-6E9A3CD928A5}.Release|x86.Build.0 = Release|Any CPU
		{EB122056-6372-4D14-B2DB-44658E76D865}.Debug|Any CPU.ActiveCfg = Debug|Any CPU
		{EB122056-6372-4D14-B2DB-44658E76D865}.Debug|Any CPU.Build.0 = Debug|Any CPU
		{EB122056-6372-4D14-B2DB-44658E76D865}.Debug|x64.ActiveCfg = Debug|Any CPU
		{EB122056-6372-4D14-B2DB-44658E76D865}.Debug|x64.Build.0 = Debug|Any CPU
		{EB122056-6372-4D14-B2DB-44658E76D865}.Debug|x86.ActiveCfg = Debug|Any CPU
		{EB122056-6372-4D14-B2DB-44658E76D865}.Debug|x86.Build.0 = Debug|Any CPU
		{EB122056-6372-4D14-B2DB-44658E76D865}.Release|Any CPU.ActiveCfg = Release|Any CPU
		{EB122056-6372-4D14-B2DB-44658E76D865}.Release|Any CPU.Build.0 = Release|Any CPU
		{EB122056-6372-4D14-B2DB-44658E76D865}.Release|x64.ActiveCfg = Release|Any CPU
		{EB122056-6372-4D14-B2DB-44658E76D865}.Release|x64.Build.0 = Release|Any CPU
		{EB122056-6372-4D14-B2DB-44658E76D865}.Release|x86.ActiveCfg = Release|Any CPU
		{EB122056-6372-4D14-B2DB-44658E76D865}.Release|x86.Build.0 = Release|Any CPU
		{6E09909F-02B9-4BCF-8EC4-5E00A5185A86}.Debug|Any CPU.ActiveCfg = Debug|Any CPU
		{6E09909F-02B9-4BCF-8EC4-5E00A5185A86}.Debug|Any CPU.Build.0 = Debug|Any CPU
		{6E09909F-02B9-4BCF-8EC4-5E00A5185A86}.Debug|x64.ActiveCfg = Debug|Any CPU
		{6E09909F-02B9-4BCF-8EC4-5E00A5185A86}.Debug|x64.Build.0 = Debug|Any CPU
		{6E09909F-02B9-4BCF-8EC4-5E00A5185A86}.Debug|x86.ActiveCfg = Debug|Any CPU
		{6E09909F-02B9-4BCF-8EC4-5E00A5185A86}.Debug|x86.Build.0 = Debug|Any CPU
		{6E09909F-02B9-4BCF-8EC4-5E00A5185A86}.Release|Any CPU.ActiveCfg = Release|Any CPU
		{6E09909F-02B9-4BCF-8EC4-5E00A5185A86}.Release|Any CPU.Build.0 = Release|Any CPU
		{6E09909F-02B9-4BCF-8EC4-5E00A5185A86}.Release|x64.ActiveCfg = Release|Any CPU
		{6E09909F-02B9-4BCF-8EC4-5E00A5185A86}.Release|x64.Build.0 = Release|Any CPU
		{6E09909F-02B9-4BCF-8EC4-5E00A5185A86}.Release|x86.ActiveCfg = Release|Any CPU
		{6E09909F-02B9-4BCF-8EC4-5E00A5185A86}.Release|x86.Build.0 = Release|Any CPU
		{057CF093-72A7-47CC-BCB8-296C2B569905}.Debug|Any CPU.ActiveCfg = Debug|Any CPU
		{057CF093-72A7-47CC-BCB8-296C2B569905}.Debug|Any CPU.Build.0 = Debug|Any CPU
		{057CF093-72A7-47CC-BCB8-296C2B569905}.Debug|x64.ActiveCfg = Debug|Any CPU
		{057CF093-72A7-47CC-BCB8-296C2B569905}.Debug|x64.Build.0 = Debug|Any CPU
		{057CF093-72A7-47CC-BCB8-296C2B569905}.Debug|x86.ActiveCfg = Debug|Any CPU
		{057CF093-72A7-47CC-BCB8-296C2B569905}.Debug|x86.Build.0 = Debug|Any CPU
		{057CF093-72A7-47CC-BCB8-296C2B569905}.Release|Any CPU.ActiveCfg = Release|Any CPU
		{057CF093-72A7-47CC-BCB8-296C2B569905}.Release|Any CPU.Build.0 = Release|Any CPU
		{057CF093-72A7-47CC-BCB8-296C2B569905}.Release|x64.ActiveCfg = Release|Any CPU
		{057CF093-72A7-47CC-BCB8-296C2B569905}.Release|x64.Build.0 = Release|Any CPU
		{057CF093-72A7-47CC-BCB8-296C2B569905}.Release|x86.ActiveCfg = Release|Any CPU
		{057CF093-72A7-47CC-BCB8-296C2B569905}.Release|x86.Build.0 = Release|Any CPU
		{9CC3C97F-A73C-4ECB-B920-626035DA3013}.Debug|Any CPU.ActiveCfg = Debug|Any CPU
		{9CC3C97F-A73C-4ECB-B920-626035DA3013}.Debug|Any CPU.Build.0 = Debug|Any CPU
		{9CC3C97F-A73C-4ECB-B920-626035DA3013}.Debug|x64.ActiveCfg = Debug|Any CPU
		{9CC3C97F-A73C-4ECB-B920-626035DA3013}.Debug|x64.Build.0 = Debug|Any CPU
		{9CC3C97F-A73C-4ECB-B920-626035DA3013}.Debug|x86.ActiveCfg = Debug|Any CPU
		{9CC3C97F-A73C-4ECB-B920-626035DA3013}.Debug|x86.Build.0 = Debug|Any CPU
		{9CC3C97F-A73C-4ECB-B920-626035DA3013}.Release|Any CPU.ActiveCfg = Release|Any CPU
		{9CC3C97F-A73C-4ECB-B920-626035DA3013}.Release|Any CPU.Build.0 = Release|Any CPU
		{9CC3C97F-A73C-4ECB-B920-626035DA3013}.Release|x64.ActiveCfg = Release|Any CPU
		{9CC3C97F-A73C-4ECB-B920-626035DA3013}.Release|x64.Build.0 = Release|Any CPU
		{9CC3C97F-A73C-4ECB-B920-626035DA3013}.Release|x86.ActiveCfg = Release|Any CPU
		{9CC3C97F-A73C-4ECB-B920-626035DA3013}.Release|x86.Build.0 = Release|Any CPU
		{3B42E8EA-BD33-4324-A771-9A885788D8BA}.Debug|Any CPU.ActiveCfg = Debug|Any CPU
		{3B42E8EA-BD33-4324-A771-9A885788D8BA}.Debug|Any CPU.Build.0 = Debug|Any CPU
		{3B42E8EA-BD33-4324-A771-9A885788D8BA}.Debug|x64.ActiveCfg = Debug|Any CPU
		{3B42E8EA-BD33-4324-A771-9A885788D8BA}.Debug|x64.Build.0 = Debug|Any CPU
		{3B42E8EA-BD33-4324-A771-9A885788D8BA}.Debug|x86.ActiveCfg = Debug|Any CPU
		{3B42E8EA-BD33-4324-A771-9A885788D8BA}.Debug|x86.Build.0 = Debug|Any CPU
		{3B42E8EA-BD33-4324-A771-9A885788D8BA}.Release|Any CPU.ActiveCfg = Release|Any CPU
		{3B42E8EA-BD33-4324-A771-9A885788D8BA}.Release|Any CPU.Build.0 = Release|Any CPU
		{3B42E8EA-BD33-4324-A771-9A885788D8BA}.Release|x64.ActiveCfg = Release|Any CPU
		{3B42E8EA-BD33-4324-A771-9A885788D8BA}.Release|x64.Build.0 = Release|Any CPU
		{3B42E8EA-BD33-4324-A771-9A885788D8BA}.Release|x86.ActiveCfg = Release|Any CPU
		{3B42E8EA-BD33-4324-A771-9A885788D8BA}.Release|x86.Build.0 = Release|Any CPU
		{BFC4D589-8BB1-4BE5-A970-E8CFC952D7D3}.Debug|Any CPU.ActiveCfg = Debug|Any CPU
		{BFC4D589-8BB1-4BE5-A970-E8CFC952D7D3}.Debug|Any CPU.Build.0 = Debug|Any CPU
		{BFC4D589-8BB1-4BE5-A970-E8CFC952D7D3}.Debug|x64.ActiveCfg = Debug|Any CPU
		{BFC4D589-8BB1-4BE5-A970-E8CFC952D7D3}.Debug|x64.Build.0 = Debug|Any CPU
		{BFC4D589-8BB1-4BE5-A970-E8CFC952D7D3}.Debug|x86.ActiveCfg = Debug|Any CPU
		{BFC4D589-8BB1-4BE5-A970-E8CFC952D7D3}.Debug|x86.Build.0 = Debug|Any CPU
		{BFC4D589-8BB1-4BE5-A970-E8CFC952D7D3}.Release|Any CPU.ActiveCfg = Release|Any CPU
		{BFC4D589-8BB1-4BE5-A970-E8CFC952D7D3}.Release|Any CPU.Build.0 = Release|Any CPU
		{BFC4D589-8BB1-4BE5-A970-E8CFC952D7D3}.Release|x64.ActiveCfg = Release|Any CPU
		{BFC4D589-8BB1-4BE5-A970-E8CFC952D7D3}.Release|x64.Build.0 = Release|Any CPU
		{BFC4D589-8BB1-4BE5-A970-E8CFC952D7D3}.Release|x86.ActiveCfg = Release|Any CPU
		{BFC4D589-8BB1-4BE5-A970-E8CFC952D7D3}.Release|x86.Build.0 = Release|Any CPU
		{0B5F8BE7-44EB-47FB-B4F6-E6E6A35A76D5}.Debug|Any CPU.ActiveCfg = Debug|Any CPU
		{0B5F8BE7-44EB-47FB-B4F6-E6E6A35A76D5}.Debug|Any CPU.Build.0 = Debug|Any CPU
		{0B5F8BE7-44EB-47FB-B4F6-E6E6A35A76D5}.Debug|x64.ActiveCfg = Debug|Any CPU
		{0B5F8BE7-44EB-47FB-B4F6-E6E6A35A76D5}.Debug|x64.Build.0 = Debug|Any CPU
		{0B5F8BE7-44EB-47FB-B4F6-E6E6A35A76D5}.Debug|x86.ActiveCfg = Debug|Any CPU
		{0B5F8BE7-44EB-47FB-B4F6-E6E6A35A76D5}.Debug|x86.Build.0 = Debug|Any CPU
		{0B5F8BE7-44EB-47FB-B4F6-E6E6A35A76D5}.Release|Any CPU.ActiveCfg = Release|Any CPU
		{0B5F8BE7-44EB-47FB-B4F6-E6E6A35A76D5}.Release|Any CPU.Build.0 = Release|Any CPU
		{0B5F8BE7-44EB-47FB-B4F6-E6E6A35A76D5}.Release|x64.ActiveCfg = Release|Any CPU
		{0B5F8BE7-44EB-47FB-B4F6-E6E6A35A76D5}.Release|x64.Build.0 = Release|Any CPU
		{0B5F8BE7-44EB-47FB-B4F6-E6E6A35A76D5}.Release|x86.ActiveCfg = Release|Any CPU
		{0B5F8BE7-44EB-47FB-B4F6-E6E6A35A76D5}.Release|x86.Build.0 = Release|Any CPU
		{46F2E473-A24A-44F7-973B-EB203A59FF00}.Debug|Any CPU.ActiveCfg = Debug|Any CPU
		{46F2E473-A24A-44F7-973B-EB203A59FF00}.Debug|Any CPU.Build.0 = Debug|Any CPU
		{46F2E473-A24A-44F7-973B-EB203A59FF00}.Debug|x64.ActiveCfg = Debug|Any CPU
		{46F2E473-A24A-44F7-973B-EB203A59FF00}.Debug|x64.Build.0 = Debug|Any CPU
		{46F2E473-A24A-44F7-973B-EB203A59FF00}.Debug|x86.ActiveCfg = Debug|Any CPU
		{46F2E473-A24A-44F7-973B-EB203A59FF00}.Debug|x86.Build.0 = Debug|Any CPU
		{46F2E473-A24A-44F7-973B-EB203A59FF00}.Release|Any CPU.ActiveCfg = Release|Any CPU
		{46F2E473-A24A-44F7-973B-EB203A59FF00}.Release|Any CPU.Build.0 = Release|Any CPU
		{46F2E473-A24A-44F7-973B-EB203A59FF00}.Release|x64.ActiveCfg = Release|Any CPU
		{46F2E473-A24A-44F7-973B-EB203A59FF00}.Release|x64.Build.0 = Release|Any CPU
		{46F2E473-A24A-44F7-973B-EB203A59FF00}.Release|x86.ActiveCfg = Release|Any CPU
		{46F2E473-A24A-44F7-973B-EB203A59FF00}.Release|x86.Build.0 = Release|Any CPU
		{039410B3-0844-4AE2-B0D3-3D2EC8AA8D6E}.Debug|Any CPU.ActiveCfg = Debug|Any CPU
		{039410B3-0844-4AE2-B0D3-3D2EC8AA8D6E}.Debug|Any CPU.Build.0 = Debug|Any CPU
		{039410B3-0844-4AE2-B0D3-3D2EC8AA8D6E}.Debug|x64.ActiveCfg = Debug|Any CPU
		{039410B3-0844-4AE2-B0D3-3D2EC8AA8D6E}.Debug|x64.Build.0 = Debug|Any CPU
		{039410B3-0844-4AE2-B0D3-3D2EC8AA8D6E}.Debug|x86.ActiveCfg = Debug|Any CPU
		{039410B3-0844-4AE2-B0D3-3D2EC8AA8D6E}.Debug|x86.Build.0 = Debug|Any CPU
		{039410B3-0844-4AE2-B0D3-3D2EC8AA8D6E}.Release|Any CPU.ActiveCfg = Release|Any CPU
		{039410B3-0844-4AE2-B0D3-3D2EC8AA8D6E}.Release|Any CPU.Build.0 = Release|Any CPU
		{039410B3-0844-4AE2-B0D3-3D2EC8AA8D6E}.Release|x64.ActiveCfg = Release|Any CPU
		{039410B3-0844-4AE2-B0D3-3D2EC8AA8D6E}.Release|x64.Build.0 = Release|Any CPU
		{039410B3-0844-4AE2-B0D3-3D2EC8AA8D6E}.Release|x86.ActiveCfg = Release|Any CPU
		{039410B3-0844-4AE2-B0D3-3D2EC8AA8D6E}.Release|x86.Build.0 = Release|Any CPU
		{60198F92-1838-4524-BCC5-BA8946305A2C}.Debug|Any CPU.ActiveCfg = Debug|Any CPU
		{60198F92-1838-4524-BCC5-BA8946305A2C}.Debug|Any CPU.Build.0 = Debug|Any CPU
		{60198F92-1838-4524-BCC5-BA8946305A2C}.Debug|x64.ActiveCfg = Debug|Any CPU
		{60198F92-1838-4524-BCC5-BA8946305A2C}.Debug|x64.Build.0 = Debug|Any CPU
		{60198F92-1838-4524-BCC5-BA8946305A2C}.Debug|x86.ActiveCfg = Debug|Any CPU
		{60198F92-1838-4524-BCC5-BA8946305A2C}.Debug|x86.Build.0 = Debug|Any CPU
		{60198F92-1838-4524-BCC5-BA8946305A2C}.Release|Any CPU.ActiveCfg = Release|Any CPU
		{60198F92-1838-4524-BCC5-BA8946305A2C}.Release|Any CPU.Build.0 = Release|Any CPU
		{60198F92-1838-4524-BCC5-BA8946305A2C}.Release|x64.ActiveCfg = Release|Any CPU
		{60198F92-1838-4524-BCC5-BA8946305A2C}.Release|x64.Build.0 = Release|Any CPU
		{60198F92-1838-4524-BCC5-BA8946305A2C}.Release|x86.ActiveCfg = Release|Any CPU
		{60198F92-1838-4524-BCC5-BA8946305A2C}.Release|x86.Build.0 = Release|Any CPU
		{70DF68FA-197C-4369-839E-A797B04CF403}.Debug|Any CPU.ActiveCfg = Debug|Any CPU
		{70DF68FA-197C-4369-839E-A797B04CF403}.Debug|Any CPU.Build.0 = Debug|Any CPU
		{70DF68FA-197C-4369-839E-A797B04CF403}.Debug|x64.ActiveCfg = Debug|Any CPU
		{70DF68FA-197C-4369-839E-A797B04CF403}.Debug|x64.Build.0 = Debug|Any CPU
		{70DF68FA-197C-4369-839E-A797B04CF403}.Debug|x86.ActiveCfg = Debug|Any CPU
		{70DF68FA-197C-4369-839E-A797B04CF403}.Debug|x86.Build.0 = Debug|Any CPU
		{70DF68FA-197C-4369-839E-A797B04CF403}.Release|Any CPU.ActiveCfg = Release|Any CPU
		{70DF68FA-197C-4369-839E-A797B04CF403}.Release|Any CPU.Build.0 = Release|Any CPU
		{70DF68FA-197C-4369-839E-A797B04CF403}.Release|x64.ActiveCfg = Release|Any CPU
		{70DF68FA-197C-4369-839E-A797B04CF403}.Release|x64.Build.0 = Release|Any CPU
		{70DF68FA-197C-4369-839E-A797B04CF403}.Release|x86.ActiveCfg = Release|Any CPU
		{70DF68FA-197C-4369-839E-A797B04CF403}.Release|x86.Build.0 = Release|Any CPU
		{267E687A-38E3-4A07-A52D-2481996854F4}.Debug|Any CPU.ActiveCfg = Debug|Any CPU
		{267E687A-38E3-4A07-A52D-2481996854F4}.Debug|Any CPU.Build.0 = Debug|Any CPU
		{267E687A-38E3-4A07-A52D-2481996854F4}.Debug|x64.ActiveCfg = Debug|Any CPU
		{267E687A-38E3-4A07-A52D-2481996854F4}.Debug|x64.Build.0 = Debug|Any CPU
		{267E687A-38E3-4A07-A52D-2481996854F4}.Debug|x86.ActiveCfg = Debug|Any CPU
		{267E687A-38E3-4A07-A52D-2481996854F4}.Debug|x86.Build.0 = Debug|Any CPU
		{267E687A-38E3-4A07-A52D-2481996854F4}.Release|Any CPU.ActiveCfg = Release|Any CPU
		{267E687A-38E3-4A07-A52D-2481996854F4}.Release|Any CPU.Build.0 = Release|Any CPU
		{267E687A-38E3-4A07-A52D-2481996854F4}.Release|x64.ActiveCfg = Release|Any CPU
		{267E687A-38E3-4A07-A52D-2481996854F4}.Release|x64.Build.0 = Release|Any CPU
		{267E687A-38E3-4A07-A52D-2481996854F4}.Release|x86.ActiveCfg = Release|Any CPU
		{267E687A-38E3-4A07-A52D-2481996854F4}.Release|x86.Build.0 = Release|Any CPU
		{CA69E2F8-3F62-4829-9339-6822D409F102}.Debug|Any CPU.ActiveCfg = Debug|Any CPU
		{CA69E2F8-3F62-4829-9339-6822D409F102}.Debug|Any CPU.Build.0 = Debug|Any CPU
		{CA69E2F8-3F62-4829-9339-6822D409F102}.Debug|x64.ActiveCfg = Debug|Any CPU
		{CA69E2F8-3F62-4829-9339-6822D409F102}.Debug|x64.Build.0 = Debug|Any CPU
		{CA69E2F8-3F62-4829-9339-6822D409F102}.Debug|x86.ActiveCfg = Debug|Any CPU
		{CA69E2F8-3F62-4829-9339-6822D409F102}.Debug|x86.Build.0 = Debug|Any CPU
		{CA69E2F8-3F62-4829-9339-6822D409F102}.Release|Any CPU.ActiveCfg = Release|Any CPU
		{CA69E2F8-3F62-4829-9339-6822D409F102}.Release|Any CPU.Build.0 = Release|Any CPU
		{CA69E2F8-3F62-4829-9339-6822D409F102}.Release|x64.ActiveCfg = Release|Any CPU
		{CA69E2F8-3F62-4829-9339-6822D409F102}.Release|x64.Build.0 = Release|Any CPU
		{CA69E2F8-3F62-4829-9339-6822D409F102}.Release|x86.ActiveCfg = Release|Any CPU
		{CA69E2F8-3F62-4829-9339-6822D409F102}.Release|x86.Build.0 = Release|Any CPU
		{EEEBE3EF-1F52-4D66-8213-B98AE72D6F17}.Debug|Any CPU.ActiveCfg = Debug|Any CPU
		{EEEBE3EF-1F52-4D66-8213-B98AE72D6F17}.Debug|Any CPU.Build.0 = Debug|Any CPU
		{EEEBE3EF-1F52-4D66-8213-B98AE72D6F17}.Debug|x64.ActiveCfg = Debug|Any CPU
		{EEEBE3EF-1F52-4D66-8213-B98AE72D6F17}.Debug|x64.Build.0 = Debug|Any CPU
		{EEEBE3EF-1F52-4D66-8213-B98AE72D6F17}.Debug|x86.ActiveCfg = Debug|Any CPU
		{EEEBE3EF-1F52-4D66-8213-B98AE72D6F17}.Debug|x86.Build.0 = Debug|Any CPU
		{EEEBE3EF-1F52-4D66-8213-B98AE72D6F17}.Release|Any CPU.ActiveCfg = Release|Any CPU
		{EEEBE3EF-1F52-4D66-8213-B98AE72D6F17}.Release|Any CPU.Build.0 = Release|Any CPU
		{EEEBE3EF-1F52-4D66-8213-B98AE72D6F17}.Release|x64.ActiveCfg = Release|Any CPU
		{EEEBE3EF-1F52-4D66-8213-B98AE72D6F17}.Release|x64.Build.0 = Release|Any CPU
		{EEEBE3EF-1F52-4D66-8213-B98AE72D6F17}.Release|x86.ActiveCfg = Release|Any CPU
		{EEEBE3EF-1F52-4D66-8213-B98AE72D6F17}.Release|x86.Build.0 = Release|Any CPU
		{0A317AA6-B8E3-46D1-BCEF-FFB83C89F143}.Debug|Any CPU.ActiveCfg = Debug|Any CPU
		{0A317AA6-B8E3-46D1-BCEF-FFB83C89F143}.Debug|Any CPU.Build.0 = Debug|Any CPU
		{0A317AA6-B8E3-46D1-BCEF-FFB83C89F143}.Debug|x64.ActiveCfg = Debug|Any CPU
		{0A317AA6-B8E3-46D1-BCEF-FFB83C89F143}.Debug|x64.Build.0 = Debug|Any CPU
		{0A317AA6-B8E3-46D1-BCEF-FFB83C89F143}.Debug|x86.ActiveCfg = Debug|Any CPU
		{0A317AA6-B8E3-46D1-BCEF-FFB83C89F143}.Debug|x86.Build.0 = Debug|Any CPU
		{0A317AA6-B8E3-46D1-BCEF-FFB83C89F143}.Release|Any CPU.ActiveCfg = Release|Any CPU
		{0A317AA6-B8E3-46D1-BCEF-FFB83C89F143}.Release|Any CPU.Build.0 = Release|Any CPU
		{0A317AA6-B8E3-46D1-BCEF-FFB83C89F143}.Release|x64.ActiveCfg = Release|Any CPU
		{0A317AA6-B8E3-46D1-BCEF-FFB83C89F143}.Release|x64.Build.0 = Release|Any CPU
		{0A317AA6-B8E3-46D1-BCEF-FFB83C89F143}.Release|x86.ActiveCfg = Release|Any CPU
		{0A317AA6-B8E3-46D1-BCEF-FFB83C89F143}.Release|x86.Build.0 = Release|Any CPU
		{BE97D6D1-B4A4-49D2-9A22-FBC8F2FE5395}.Debug|Any CPU.ActiveCfg = Debug|Any CPU
		{BE97D6D1-B4A4-49D2-9A22-FBC8F2FE5395}.Debug|Any CPU.Build.0 = Debug|Any CPU
		{BE97D6D1-B4A4-49D2-9A22-FBC8F2FE5395}.Debug|x64.ActiveCfg = Debug|Any CPU
		{BE97D6D1-B4A4-49D2-9A22-FBC8F2FE5395}.Debug|x64.Build.0 = Debug|Any CPU
		{BE97D6D1-B4A4-49D2-9A22-FBC8F2FE5395}.Debug|x86.ActiveCfg = Debug|Any CPU
		{BE97D6D1-B4A4-49D2-9A22-FBC8F2FE5395}.Debug|x86.Build.0 = Debug|Any CPU
		{BE97D6D1-B4A4-49D2-9A22-FBC8F2FE5395}.Release|Any CPU.ActiveCfg = Release|Any CPU
		{BE97D6D1-B4A4-49D2-9A22-FBC8F2FE5395}.Release|Any CPU.Build.0 = Release|Any CPU
		{BE97D6D1-B4A4-49D2-9A22-FBC8F2FE5395}.Release|x64.ActiveCfg = Release|Any CPU
		{BE97D6D1-B4A4-49D2-9A22-FBC8F2FE5395}.Release|x64.Build.0 = Release|Any CPU
		{BE97D6D1-B4A4-49D2-9A22-FBC8F2FE5395}.Release|x86.ActiveCfg = Release|Any CPU
		{BE97D6D1-B4A4-49D2-9A22-FBC8F2FE5395}.Release|x86.Build.0 = Release|Any CPU
	EndGlobalSection
	GlobalSection(SolutionProperties) = preSolution
		HideSolutionNode = FALSE
	EndGlobalSection
	GlobalSection(NestedProjects) = preSolution
		{1C120673-72F4-4679-AC4C-68286E9091A5} = {6BFF1AB8-C900-43E5-988F-E07C085BD64A}
		{5193B8A7-4464-482A-872C-C59BB56C88ED} = {1C120673-72F4-4679-AC4C-68286E9091A5}
		{A5EAFFBC-100F-4B84-AEC8-64048DB95905} = {5193B8A7-4464-482A-872C-C59BB56C88ED}
		{ACAFCC74-35F3-44DB-B241-6E9A3CD928A5} = {5193B8A7-4464-482A-872C-C59BB56C88ED}
		{EB122056-6372-4D14-B2DB-44658E76D865} = {5193B8A7-4464-482A-872C-C59BB56C88ED}
		{6E09909F-02B9-4BCF-8EC4-5E00A5185A86} = {5193B8A7-4464-482A-872C-C59BB56C88ED}
		{057CF093-72A7-47CC-BCB8-296C2B569905} = {5193B8A7-4464-482A-872C-C59BB56C88ED}
		{AA9E7227-03DB-4D04-A7FB-E8FD09D4C719} = {6BFF1AB8-C900-43E5-988F-E07C085BD64A}
		{3B42E8EA-BD33-4324-A771-9A885788D8BA} = {AA9E7227-03DB-4D04-A7FB-E8FD09D4C719}
		{8D2EFB6A-917E-4B93-890B-EBDD71476716} = {1C120673-72F4-4679-AC4C-68286E9091A5}
		{BFC4D589-8BB1-4BE5-A970-E8CFC952D7D3} = {8D2EFB6A-917E-4B93-890B-EBDD71476716}
		{0B5F8BE7-44EB-47FB-B4F6-E6E6A35A76D5} = {8D2EFB6A-917E-4B93-890B-EBDD71476716}
		{46F2E473-A24A-44F7-973B-EB203A59FF00} = {8D2EFB6A-917E-4B93-890B-EBDD71476716}
		{039410B3-0844-4AE2-B0D3-3D2EC8AA8D6E} = {8D2EFB6A-917E-4B93-890B-EBDD71476716}
		{60198F92-1838-4524-BCC5-BA8946305A2C} = {8D2EFB6A-917E-4B93-890B-EBDD71476716}
		{02362EB4-9AF7-4D87-B4BD-33B08EF413C2} = {1C120673-72F4-4679-AC4C-68286E9091A5}
		{70DF68FA-197C-4369-839E-A797B04CF403} = {02362EB4-9AF7-4D87-B4BD-33B08EF413C2}
		{267E687A-38E3-4A07-A52D-2481996854F4} = {02362EB4-9AF7-4D87-B4BD-33B08EF413C2}
		{CA69E2F8-3F62-4829-9339-6822D409F102} = {02362EB4-9AF7-4D87-B4BD-33B08EF413C2}
		{EEEBE3EF-1F52-4D66-8213-B98AE72D6F17} = {02362EB4-9AF7-4D87-B4BD-33B08EF413C2}
		{0A317AA6-B8E3-46D1-BCEF-FFB83C89F143} = {02362EB4-9AF7-4D87-B4BD-33B08EF413C2}
		{BE97D6D1-B4A4-49D2-9A22-FBC8F2FE5395} = {02362EB4-9AF7-4D87-B4BD-33B08EF413C2}
	EndGlobalSection
	GlobalSection(ExtensibilityGlobals) = postSolution
		SolutionGuid = {E418719F-3193-403E-AF58-9BE9F94FD8BE}
	EndGlobalSection
EndGlobal
